
Microsoft Visual Studio Solution File, Format Version 12.00
# Visual Studio 15
VisualStudioVersion = 15.0.27428.2037
MinimumVisualStudioVersion = 10.0.40219.1
Project("{00D1A9C2-B5F0-4AF3-8072-F6C62B433612}") = "VetServiceDB", "VetService\VetServiceDB.sqlproj", "{89F5E56E-9FD7-4177-B458-24E3BFCA426F}"
EndProject
Project("{FAE04EC0-301F-11D3-BF4B-00C04F79EFBC}") = "VetServiceAPI2", "VetServiceAPI2\VetServiceAPI2.csproj", "{0A093C6A-6840-4B9F-9DAA-114FE3BEC6A0}"
EndProject
Project("{FAE04EC0-301F-11D3-BF4B-00C04F79EFBC}") = "UserInterface", "UserInterface\UserInterface.csproj", "{4F888769-DEBE-4B2F-9894-7810E6C023EC}"
EndProject
Project("{FAE04EC0-301F-11D3-BF4B-00C04F79EFBC}") = "VetService.ClassLibary", "VetService.ClassLibary\VetService.ClassLibary.csproj", "{C0262D19-E865-4396-B04C-4F8CFB29D2E9}"
EndProject
Global
	GlobalSection(SolutionConfigurationPlatforms) = preSolution
		Debug|Any CPU = Debug|Any CPU
		Release|Any CPU = Release|Any CPU
	EndGlobalSection
	GlobalSection(ProjectConfigurationPlatforms) = postSolution
		{89F5E56E-9FD7-4177-B458-24E3BFCA426F}.Debug|Any CPU.ActiveCfg = Debug|Any CPU
		{89F5E56E-9FD7-4177-B458-24E3BFCA426F}.Debug|Any CPU.Build.0 = Debug|Any CPU
		{89F5E56E-9FD7-4177-B458-24E3BFCA426F}.Debug|Any CPU.Deploy.0 = Debug|Any CPU
		{89F5E56E-9FD7-4177-B458-24E3BFCA426F}.Release|Any CPU.ActiveCfg = Release|Any CPU
		{89F5E56E-9FD7-4177-B458-24E3BFCA426F}.Release|Any CPU.Build.0 = Release|Any CPU
		{89F5E56E-9FD7-4177-B458-24E3BFCA426F}.Release|Any CPU.Deploy.0 = Release|Any CPU
		{0A093C6A-6840-4B9F-9DAA-114FE3BEC6A0}.Debug|Any CPU.ActiveCfg = Debug|Any CPU
		{0A093C6A-6840-4B9F-9DAA-114FE3BEC6A0}.Debug|Any CPU.Build.0 = Debug|Any CPU
		{0A093C6A-6840-4B9F-9DAA-114FE3BEC6A0}.Release|Any CPU.ActiveCfg = Release|Any CPU
		{0A093C6A-6840-4B9F-9DAA-114FE3BEC6A0}.Release|Any CPU.Build.0 = Release|Any CPU
		{4F888769-DEBE-4B2F-9894-7810E6C023EC}.Debug|Any CPU.ActiveCfg = Debug|Any CPU
		{4F888769-DEBE-4B2F-9894-7810E6C023EC}.Debug|Any CPU.Build.0 = Debug|Any CPU
		{4F888769-DEBE-4B2F-9894-7810E6C023EC}.Release|Any CPU.ActiveCfg = Release|Any CPU
		{4F888769-DEBE-4B2F-9894-7810E6C023EC}.Release|Any CPU.Build.0 = Release|Any CPU
		{C0262D19-E865-4396-B04C-4F8CFB29D2E9}.Debug|Any CPU.ActiveCfg = Debug|Any CPU
		{C0262D19-E865-4396-B04C-4F8CFB29D2E9}.Debug|Any CPU.Build.0 = Debug|Any CPU
		{C0262D19-E865-4396-B04C-4F8CFB29D2E9}.Release|Any CPU.ActiveCfg = Release|Any CPU
		{C0262D19-E865-4396-B04C-4F8CFB29D2E9}.Release|Any CPU.Build.0 = Release|Any CPU
	EndGlobalSection
	GlobalSection(SolutionProperties) = preSolution
		HideSolutionNode = FALSE
	EndGlobalSection
	GlobalSection(ExtensibilityGlobals) = postSolution
		SolutionGuid = {E61D8DB9-21C0-47A3-811B-41C18089AE18}
	EndGlobalSection
EndGlobal
